
Microsoft Visual Studio Solution File, Format Version 12.00
# Visual Studio Version 17
VisualStudioVersion = 17.2.32616.157
MinimumVisualStudioVersion = 10.0.40219.1
Project("{FAE04EC0-301F-11D3-BF4B-00C04F79EFBC}") = "Contructors", "Contructors\Contructors.csproj", "{749DE22E-E7E8-44C7-8FE6-2A9C3ACC3CDF}"
EndProject
Global
	GlobalSection(SolutionConfigurationPlatforms) = preSolution
		Debug|Any CPU = Debug|Any CPU
		Release|Any CPU = Release|Any CPU
	EndGlobalSection
	GlobalSection(ProjectConfigurationPlatforms) = postSolution
		{749DE22E-E7E8-44C7-8FE6-2A9C3ACC3CDF}.Debug|Any CPU.ActiveCfg = Debug|Any CPU
		{749DE22E-E7E8-44C7-8FE6-2A9C3ACC3CDF}.Debug|Any CPU.Build.0 = Debug|Any CPU
		{749DE22E-E7E8-44C7-8FE6-2A9C3ACC3CDF}.Release|Any CPU.ActiveCfg = Release|Any CPU
		{749DE22E-E7E8-44C7-8FE6-2A9C3ACC3CDF}.Release|Any CPU.Build.0 = Release|Any CPU
	EndGlobalSection
	GlobalSection(SolutionProperties) = preSolution
		HideSolutionNode = FALSE
	EndGlobalSection
	GlobalSection(ExtensibilityGlobals) = postSolution
		SolutionGuid = {08F9FA8A-AEBB-4130-B4F6-C38303E3B5CE}
	EndGlobalSection
EndGlobal
